
Microsoft Visual Studio Solution File, Format Version 12.00
# Visual Studio Version 16
VisualStudioVersion = 16.0.31515.178
MinimumVisualStudioVersion = 10.0.40219.1
Project("{FAE04EC0-301F-11D3-BF4B-00C04F79EFBC}") = "MarsRoverApp", "MarsRoverApp\MarsRoverApp.csproj", "{F1946261-FDF9-4CD1-91D6-1423052B6B71}"
EndProject
Project("{FAE04EC0-301F-11D3-BF4B-00C04F79EFBC}") = "MarsRoverAppTests", "MarsRoverAppTests\MarsRoverAppTests.csproj", "{566A7BE7-217B-4238-93A6-BA8992745641}"
EndProject
Global
	GlobalSection(SolutionConfigurationPlatforms) = preSolution
		Debug|Any CPU = Debug|Any CPU
		Release|Any CPU = Release|Any CPU
	EndGlobalSection
	GlobalSection(ProjectConfigurationPlatforms) = postSolution
		{F1946261-FDF9-4CD1-91D6-1423052B6B71}.Debug|Any CPU.ActiveCfg = Debug|Any CPU
		{F1946261-FDF9-4CD1-91D6-1423052B6B71}.Debug|Any CPU.Build.0 = Debug|Any CPU
		{F1946261-FDF9-4CD1-91D6-1423052B6B71}.Release|Any CPU.ActiveCfg = Release|Any CPU
		{F1946261-FDF9-4CD1-91D6-1423052B6B71}.Release|Any CPU.Build.0 = Release|Any CPU
		{566A7BE7-217B-4238-93A6-BA8992745641}.Debug|Any CPU.ActiveCfg = Debug|Any CPU
		{566A7BE7-217B-4238-93A6-BA8992745641}.Debug|Any CPU.Build.0 = Debug|Any CPU
		{566A7BE7-217B-4238-93A6-BA8992745641}.Release|Any CPU.ActiveCfg = Release|Any CPU
		{566A7BE7-217B-4238-93A6-BA8992745641}.Release|Any CPU.Build.0 = Release|Any CPU
	EndGlobalSection
	GlobalSection(SolutionProperties) = preSolution
		HideSolutionNode = FALSE
	EndGlobalSection
	GlobalSection(ExtensibilityGlobals) = postSolution
		SolutionGuid = {4492D16F-AFAD-4F66-9D07-46B9B69FDE5C}
	EndGlobalSection
EndGlobal
